
Microsoft Visual Studio Solution File, Format Version 12.00
# Visual Studio Version 17
VisualStudioVersion = 17.3.32929.385
MinimumVisualStudioVersion = 10.0.40219.1
Project("{FAE04EC0-301F-11D3-BF4B-00C04F79EFBC}") = "Vista", "Vista\Vista.csproj", "{15CD3C1D-5A6E-46B2-A8FC-5FC158628344}"
EndProject
Project("{FAE04EC0-301F-11D3-BF4B-00C04F79EFBC}") = "Datos", "Datos\Datos.csproj", "{B09034BC-45EF-46C2-8901-3048F98E96D6}"
EndProject
Project("{FAE04EC0-301F-11D3-BF4B-00C04F79EFBC}") = "Entidades", "Entidades\Entidades.csproj", "{88FD0E2F-BC9E-4B85-89F3-EA233EA0D2E4}"
EndProject
Global
	GlobalSection(SolutionConfigurationPlatforms) = preSolution
		Debug|Any CPU = Debug|Any CPU
		Release|Any CPU = Release|Any CPU
	EndGlobalSection
	GlobalSection(ProjectConfigurationPlatforms) = postSolution
		{15CD3C1D-5A6E-46B2-A8FC-5FC158628344}.Debug|Any CPU.ActiveCfg = Debug|Any CPU
		{15CD3C1D-5A6E-46B2-A8FC-5FC158628344}.Debug|Any CPU.Build.0 = Debug|Any CPU
		{15CD3C1D-5A6E-46B2-A8FC-5FC158628344}.Release|Any CPU.ActiveCfg = Release|Any CPU
		{15CD3C1D-5A6E-46B2-A8FC-5FC158628344}.Release|Any CPU.Build.0 = Release|Any CPU
		{B09034BC-45EF-46C2-8901-3048F98E96D6}.Debug|Any CPU.ActiveCfg = Debug|Any CPU
		{B09034BC-45EF-46C2-8901-3048F98E96D6}.Debug|Any CPU.Build.0 = Debug|Any CPU
		{B09034BC-45EF-46C2-8901-3048F98E96D6}.Release|Any CPU.ActiveCfg = Release|Any CPU
		{B09034BC-45EF-46C2-8901-3048F98E96D6}.Release|Any CPU.Build.0 = Release|Any CPU
		{88FD0E2F-BC9E-4B85-89F3-EA233EA0D2E4}.Debug|Any CPU.ActiveCfg = Debug|Any CPU
		{88FD0E2F-BC9E-4B85-89F3-EA233EA0D2E4}.Debug|Any CPU.Build.0 = Debug|Any CPU
		{88FD0E2F-BC9E-4B85-89F3-EA233EA0D2E4}.Release|Any CPU.ActiveCfg = Release|Any CPU
		{88FD0E2F-BC9E-4B85-89F3-EA233EA0D2E4}.Release|Any CPU.Build.0 = Release|Any CPU
	EndGlobalSection
	GlobalSection(SolutionProperties) = preSolution
		HideSolutionNode = FALSE
	EndGlobalSection
	GlobalSection(ExtensibilityGlobals) = postSolution
		SolutionGuid = {21E730A9-6E05-4865-A5E9-5680F6CF908B}
	EndGlobalSection
EndGlobal
